
Microsoft Visual Studio Solution File, Format Version 12.00
# Visual Studio Version 17
VisualStudioVersion = 17.3.32819.101
MinimumVisualStudioVersion = 10.0.40219.1
Project("{9A19103F-16F7-4668-BE54-9A1E7A4F7556}") = "WebApplication1", "WebApplication1\WebApplication1.csproj", "{900BC61C-1137-4FDB-A428-67502EDFA02D}"
EndProject
Project("{FAE04EC0-301F-11D3-BF4B-00C04F79EFBC}") = "SquareLib", "SquareLib\SquareLib.csproj", "{51EBEA50-1C0C-4B01-ABBF-A2ED4F6C3A53}"
EndProject
Project("{FAE04EC0-301F-11D3-BF4B-00C04F79EFBC}") = "MindBoxUnitTest", "MindBoxUnitTest\MindBoxUnitTest.csproj", "{8B33D994-CA06-4F40-8DB9-D3E15DFBD38A}"
EndProject
Global
	GlobalSection(SolutionConfigurationPlatforms) = preSolution
		Debug|Any CPU = Debug|Any CPU
		Release|Any CPU = Release|Any CPU
	EndGlobalSection
	GlobalSection(ProjectConfigurationPlatforms) = postSolution
		{900BC61C-1137-4FDB-A428-67502EDFA02D}.Debug|Any CPU.ActiveCfg = Debug|Any CPU
		{900BC61C-1137-4FDB-A428-67502EDFA02D}.Debug|Any CPU.Build.0 = Debug|Any CPU
		{900BC61C-1137-4FDB-A428-67502EDFA02D}.Release|Any CPU.ActiveCfg = Release|Any CPU
		{900BC61C-1137-4FDB-A428-67502EDFA02D}.Release|Any CPU.Build.0 = Release|Any CPU
		{51EBEA50-1C0C-4B01-ABBF-A2ED4F6C3A53}.Debug|Any CPU.ActiveCfg = Debug|Any CPU
		{51EBEA50-1C0C-4B01-ABBF-A2ED4F6C3A53}.Debug|Any CPU.Build.0 = Debug|Any CPU
		{51EBEA50-1C0C-4B01-ABBF-A2ED4F6C3A53}.Release|Any CPU.ActiveCfg = Release|Any CPU
		{51EBEA50-1C0C-4B01-ABBF-A2ED4F6C3A53}.Release|Any CPU.Build.0 = Release|Any CPU
		{8B33D994-CA06-4F40-8DB9-D3E15DFBD38A}.Debug|Any CPU.ActiveCfg = Debug|Any CPU
		{8B33D994-CA06-4F40-8DB9-D3E15DFBD38A}.Debug|Any CPU.Build.0 = Debug|Any CPU
		{8B33D994-CA06-4F40-8DB9-D3E15DFBD38A}.Release|Any CPU.ActiveCfg = Release|Any CPU
		{8B33D994-CA06-4F40-8DB9-D3E15DFBD38A}.Release|Any CPU.Build.0 = Release|Any CPU
	EndGlobalSection
	GlobalSection(SolutionProperties) = preSolution
		HideSolutionNode = FALSE
	EndGlobalSection
	GlobalSection(ExtensibilityGlobals) = postSolution
		SolutionGuid = {81DD5A1A-BFA7-4942-814B-17A21E555343}
	EndGlobalSection
EndGlobal
